
Microsoft Visual Studio Solution File, Format Version 12.00
# Visual Studio 15
VisualStudioVersion = 15.0.26730.8
MinimumVisualStudioVersion = 10.0.40219.1
Project("{FAE04EC0-301F-11D3-BF4B-00C04F79EFBC}") = "RedmartCustomer", "RedmartCustomer\RedmartCustomer.csproj", "{46F1B904-7195-4B12-A01D-CA5B722298E3}"
EndProject
Global
	GlobalSection(SolutionConfigurationPlatforms) = preSolution
		Debug|Any CPU = Debug|Any CPU
		Release|Any CPU = Release|Any CPU
	EndGlobalSection
	GlobalSection(ProjectConfigurationPlatforms) = postSolution
		{46F1B904-7195-4B12-A01D-CA5B722298E3}.Debug|Any CPU.ActiveCfg = Debug|Any CPU
		{46F1B904-7195-4B12-A01D-CA5B722298E3}.Debug|Any CPU.Build.0 = Debug|Any CPU
		{46F1B904-7195-4B12-A01D-CA5B722298E3}.Release|Any CPU.ActiveCfg = Release|Any CPU
		{46F1B904-7195-4B12-A01D-CA5B722298E3}.Release|Any CPU.Build.0 = Release|Any CPU
	EndGlobalSection
	GlobalSection(SolutionProperties) = preSolution
		HideSolutionNode = FALSE
	EndGlobalSection
	GlobalSection(ExtensibilityGlobals) = postSolution
		SolutionGuid = {DF5C72C3-BE99-4813-9536-CB4CCC3B3827}
	EndGlobalSection
EndGlobal
